{
  "version": 4,
  "terraform_version": "0.12.26",
  "serial": 1,
  "lineage": "02572c40-13f3-e9c6-56e1-ca69d4f920bf",
  "outputs": {},
  "resources": [
    {
      "mode": "data",
      "type": "fusioncompute_cluster",
      "name": "cluster",
      "provider": "provider.fusioncompute",
      "instances": [
        {
          "schema_version": 0,
          "attributes": {
            "id": "urn:sites:43BC08E8:clusters:117",
            "name": "ManagementCluster",
            "site_uri": "/service/sites/43BC08E8"
          }
        }
      ]
    },
    {
      "mode": "data",
      "type": "fusioncompute_datastore",
      "name": "datastore",
      "provider": "provider.fusioncompute",
      "instances": [
        {
          "schema_version": 0,
          "attributes": {
            "id": "/service/sites/43BC08E8/datastores/42",
            "name": "Storage",
            "site_uri": "/service/sites/43BC08E8"
          }
        }
      ]
    },
    {
      "mode": "data",
      "type": "fusioncompute_dvswitch",
      "name": "dvswitch",
      "provider": "provider.fusioncompute",
      "instances": [
        {
          "schema_version": 0,
          "attributes": {
            "id": "/service/sites/43BC08E8/dvswitchs/1",
            "name": "ManagementDVS",
            "site_uri": "/service/sites/43BC08E8"
          }
        }
      ]
    },
    {
      "mode": "data",
      "type": "fusioncompute_portgroup",
      "name": "portgroup",
      "provider": "provider.fusioncompute",
      "instances": [
        {
          "schema_version": 0,
          "attributes": {
            "dvswitch_uri": "/service/sites/43BC08E8/dvswitchs/1",
            "id": "/service/sites/43BC08E8/dvswitchs/1/portgroups/1",
            "name": "managePortgroup",
            "site_uri": "/service/sites/43BC08E8"
          }
        }
      ]
    },
    {
      "mode": "data",
      "type": "fusioncompute_site",
      "name": "site",
      "provider": "provider.fusioncompute",
      "instances": [
        {
          "schema_version": 0,
          "attributes": {
            "id": "/service/sites/43BC08E8",
            "name": "site"
          }
        }
      ]
    },
    {
      "mode": "data",
      "type": "fusioncompute_vm",
      "name": "template",
      "provider": "provider.fusioncompute",
      "instances": [
        {
          "schema_version": 0,
          "attributes": {
            "id": "/service/sites/43BC08E8/vms/i-00000034",
            "name": "CentOS7.6-template",
            "site_uri": "/service/sites/43BC08E8"
          }
        }
      ]
    },
    {
      "mode": "managed",
      "type": "fusioncompute_vm",
      "name": "test",
      "provider": "provider.fusioncompute",
      "instances": [
        {
          "schema_version": 0,
          "attributes": {
            "cluster_uri": "urn:sites:43BC08E8:clusters:117",
            "customize": [
              {
                "add_dns": "114.114.114.114",
                "host_name": "aaaa",
                "ipv4_gateway": "100.199.10.0",
                "network_interface": [
                  {
                    "ipv4_address": "100.199.10.88",
                    "ipv4_netmask": "255.255.255.0"
                  }
                ],
                "set_dns": "8.8.8.8"
              }
            ],
            "datastore_uri": "/service/sites/43BC08E8/datastores/42",
            "disk": [
              {
                "size": 50,
                "thin": true
              }
            ],
            "id": "/service/sites/43BC08E8/vms/i-0000004A",
            "memory": 1024,
            "name": "aaabbb",
            "network_interface": [
              {
                "portgroup_uri": "/service/sites/43BC08E8/dvswitchs/1/portgroups/1"
              }
            ],
            "num_cpus": 2,
            "site_uri": "/service/sites/43BC08E8",
            "template_uri": "/service/sites/43BC08E8/vms/i-00000034",
            "timeout": 30
          },
          "private": "bnVsbA=="
        }
      ]
    }
  ]
}
